
Microsoft Visual Studio Solution File, Format Version 12.00
# Visual Studio Version 17
VisualStudioVersion = 17.14.36811.4
MinimumVisualStudioVersion = 10.0.40219.1
Project("{FAE04EC0-301F-11D3-BF4B-00C04F79EFBC}") = "daily-task.UI", "daily-task.UI\daily-task.UI.csproj", "{F0D825F2-718C-46E7-A5C7-1698B30FBB4D}"
EndProject
Project("{FAE04EC0-301F-11D3-BF4B-00C04F79EFBC}") = "daily-task.Application", "daily-task.Application\daily-task.Application.csproj", "{AC8DCFE2-6EC9-436B-91C6-75CBC6AE070D}"
EndProject
Project("{FAE04EC0-301F-11D3-BF4B-00C04F79EFBC}") = "daily-task.Domain", "daily-task.Domain\daily-task.Domain.csproj", "{08771ABD-53BD-4D05-8B53-DE40F0E50ED2}"
EndProject
Project("{FAE04EC0-301F-11D3-BF4B-00C04F79EFBC}") = "daily-task.Infrastructure", "daily-task.Infrastructure\daily-task.Infrastructure.csproj", "{916DEA66-40CB-44D0-9E04-FCF86771F82A}"
EndProject
Project("{FAE04EC0-301F-11D3-BF4B-00C04F79EFBC}") = "daily-task.Exceptions", "daily-task.Exceptions\daily-task.Exceptions.csproj", "{1F188BB9-F93F-4832-973F-C6C8ACEE8E69}"
EndProject
Global
	GlobalSection(SolutionConfigurationPlatforms) = preSolution
		Debug|Any CPU = Debug|Any CPU
		Release|Any CPU = Release|Any CPU
	EndGlobalSection
	GlobalSection(ProjectConfigurationPlatforms) = postSolution
		{F0D825F2-718C-46E7-A5C7-1698B30FBB4D}.Debug|Any CPU.ActiveCfg = Debug|Any CPU
		{F0D825F2-718C-46E7-A5C7-1698B30FBB4D}.Debug|Any CPU.Build.0 = Debug|Any CPU
		{F0D825F2-718C-46E7-A5C7-1698B30FBB4D}.Release|Any CPU.ActiveCfg = Release|Any CPU
		{F0D825F2-718C-46E7-A5C7-1698B30FBB4D}.Release|Any CPU.Build.0 = Release|Any CPU
		{AC8DCFE2-6EC9-436B-91C6-75CBC6AE070D}.Debug|Any CPU.ActiveCfg = Debug|Any CPU
		{AC8DCFE2-6EC9-436B-91C6-75CBC6AE070D}.Debug|Any CPU.Build.0 = Debug|Any CPU
		{AC8DCFE2-6EC9-436B-91C6-75CBC6AE070D}.Release|Any CPU.ActiveCfg = Release|Any CPU
		{AC8DCFE2-6EC9-436B-91C6-75CBC6AE070D}.Release|Any CPU.Build.0 = Release|Any CPU
		{08771ABD-53BD-4D05-8B53-DE40F0E50ED2}.Debug|Any CPU.ActiveCfg = Debug|Any CPU
		{08771ABD-53BD-4D05-8B53-DE40F0E50ED2}.Debug|Any CPU.Build.0 = Debug|Any CPU
		{08771ABD-53BD-4D05-8B53-DE40F0E50ED2}.Release|Any CPU.ActiveCfg = Release|Any CPU
		{08771ABD-53BD-4D05-8B53-DE40F0E50ED2}.Release|Any CPU.Build.0 = Release|Any CPU
		{916DEA66-40CB-44D0-9E04-FCF86771F82A}.Debug|Any CPU.ActiveCfg = Debug|Any CPU
		{916DEA66-40CB-44D0-9E04-FCF86771F82A}.Debug|Any CPU.Build.0 = Debug|Any CPU
		{916DEA66-40CB-44D0-9E04-FCF86771F82A}.Release|Any CPU.ActiveCfg = Release|Any CPU
		{916DEA66-40CB-44D0-9E04-FCF86771F82A}.Release|Any CPU.Build.0 = Release|Any CPU
		{1F188BB9-F93F-4832-973F-C6C8ACEE8E69}.Debug|Any CPU.ActiveCfg = Debug|Any CPU
		{1F188BB9-F93F-4832-973F-C6C8ACEE8E69}.Debug|Any CPU.Build.0 = Debug|Any CPU
		{1F188BB9-F93F-4832-973F-C6C8ACEE8E69}.Release|Any CPU.ActiveCfg = Release|Any CPU
		{1F188BB9-F93F-4832-973F-C6C8ACEE8E69}.Release|Any CPU.Build.0 = Release|Any CPU
	EndGlobalSection
	GlobalSection(SolutionProperties) = preSolution
		HideSolutionNode = FALSE
	EndGlobalSection
	GlobalSection(ExtensibilityGlobals) = postSolution
		SolutionGuid = {E84F829D-C378-4D74-8DD4-4F37ADAD4B5F}
	EndGlobalSection
EndGlobal
